
Microsoft Visual Studio Solution File, Format Version 12.00
# Visual Studio Version 16
VisualStudioVersion = 16.0.30717.126
MinimumVisualStudioVersion = 10.0.40219.1
Project("{FAE04EC0-301F-11D3-BF4B-00C04F79EFBC}") = "ConsoleApp", "ConsoleApp.csproj", "{4F815F29-0B63-4455-9BDF-BEED1C456702}"
EndProject
Project("{FAE04EC0-301F-11D3-BF4B-00C04F79EFBC}") = "ClassLibrary", "..\ClassLibrary\ClassLibrary.csproj", "{F93C3994-67A3-4EB3-A026-4B1D62D3A4CF}"
EndProject
Global
	GlobalSection(SolutionConfigurationPlatforms) = preSolution
		Debug|Any CPU = Debug|Any CPU
		Release|Any CPU = Release|Any CPU
	EndGlobalSection
	GlobalSection(ProjectConfigurationPlatforms) = postSolution
		{4F815F29-0B63-4455-9BDF-BEED1C456702}.Debug|Any CPU.ActiveCfg = Debug|Any CPU
		{4F815F29-0B63-4455-9BDF-BEED1C456702}.Debug|Any CPU.Build.0 = Debug|Any CPU
		{4F815F29-0B63-4455-9BDF-BEED1C456702}.Release|Any CPU.ActiveCfg = Release|Any CPU
		{4F815F29-0B63-4455-9BDF-BEED1C456702}.Release|Any CPU.Build.0 = Release|Any CPU
		{F93C3994-67A3-4EB3-A026-4B1D62D3A4CF}.Debug|Any CPU.ActiveCfg = Debug|Any CPU
		{F93C3994-67A3-4EB3-A026-4B1D62D3A4CF}.Debug|Any CPU.Build.0 = Debug|Any CPU
		{F93C3994-67A3-4EB3-A026-4B1D62D3A4CF}.Release|Any CPU.ActiveCfg = Release|Any CPU
		{F93C3994-67A3-4EB3-A026-4B1D62D3A4CF}.Release|Any CPU.Build.0 = Release|Any CPU
	EndGlobalSection
	GlobalSection(SolutionProperties) = preSolution
		HideSolutionNode = FALSE
	EndGlobalSection
	GlobalSection(ExtensibilityGlobals) = postSolution
		SolutionGuid = {75A18CE2-F081-4174-BF31-C02F36454BC8}
	EndGlobalSection
EndGlobal
